<?xml version="1.0" encoding="utf-8"?>
<Project ToolsVersion="4.0" xmlns="http://schemas.microsoft.com/developer/msbuild/2003">
  <ItemGroup>
    <Filter Include="Source Files">
      <UniqueIdentifier>{4FC737F1-C7A5-4376-A066-2A32D752A2FF}</UniqueIdentifier>
      <Extensions>cpp;c;cc;cxx;def;odl;idl;hpj;bat;asm;asmx</Extensions>
    </Filter>
    <Filter Include="Header Files">
      <UniqueIdentifier>{93995380-89BD-4b04-88EB-625FBE52EBFB}</UniqueIdentifier>
      <Extensions>h;hh;hpp;hxx;hm;inl;inc;xsd</Extensions>
    </Filter>
    <Filter Include="Resource Files">
      <UniqueIdentifier>{67DA6AB6-F800-4c08-8B7A-83BB121AAD01}</UniqueIdentifier>
      <Extensions>rc;ico;cur;bmp;dlg;rc2;rct;bin;rgs;gif;jpg;jpeg;jpe;resx;tiff;tif;png;wav;mfcribbon-ms</Extensions>
    </Filter>
  </ItemGroup>
  <ItemGroup>
    <ClCompile Include="onodrim-c\components\component.cpp">
      <Filter>Source Files</Filter>
    </ClCompile>
    <ClCompile Include="onodrim-c\components\renderComponent.cpp">
      <Filter>Source Files</Filter>
    </ClCompile>
    <ClCompile Include="onodrim-c\components\sprite.cpp">
      <Filter>Source Files</Filter>
    </ClCompile>
    <ClCompile Include="onodrim-c\components\transform.cpp">
      <Filter>Source Files</Filter>
    </ClCompile>
    <ClCompile Include="onodrim-c\components\transform2d.cpp">
      <Filter>Source Files</Filter>
    </ClCompile>
    <ClCompile Include="onodrim-c\core.cpp">
      <Filter>Source Files</Filter>
    </ClCompile>
    <ClCompile Include="onodrim-c\entity.cpp">
      <Filter>Source Files</Filter>
    </ClCompile>
    <ClCompile Include="onodrim-c\system\systemManager.cpp">
      <Filter>Source Files</Filter>
    </ClCompile>
    <ClCompile Include="main.cpp">
      <Filter>Source Files</Filter>
    </ClCompile>
    <ClCompile Include="onodrim-c\JSON.cpp">
      <Filter>Source Files</Filter>
    </ClCompile>
    <ClCompile Include="onodrim-c\system\render\spritebatch.cpp">
      <Filter>Source Files</Filter>
    </ClCompile>
    <ClCompile Include="onodrim-c\system\render\render-system.cpp">
      <Filter>Source Files</Filter>
    </ClCompile>
  </ItemGroup>
  <ItemGroup>
    <ClInclude Include="onodrim-c\fileloader.h">
      <Filter>Header Files</Filter>
    </ClInclude>
    <ClInclude Include="onodrim-c\components\component.h">
      <Filter>Header Files</Filter>
    </ClInclude>
    <ClInclude Include="onodrim-c\components\fixedUpdateComponent.h">
      <Filter>Header Files</Filter>
    </ClInclude>
    <ClInclude Include="onodrim-c\components\renderComponent.h">
      <Filter>Header Files</Filter>
    </ClInclude>
    <ClInclude Include="onodrim-c\components\sprite.h">
      <Filter>Header Files</Filter>
    </ClInclude>
    <ClInclude Include="onodrim-c\components\transform.h">
      <Filter>Header Files</Filter>
    </ClInclude>
    <ClInclude Include="onodrim-c\components\transform2d.h">
      <Filter>Header Files</Filter>
    </ClInclude>
    <ClInclude Include="onodrim-c\components\updateComponent.h">
      <Filter>Header Files</Filter>
    </ClInclude>
    <ClInclude Include="onodrim-c\core.h">
      <Filter>Header Files</Filter>
    </ClInclude>
    <ClInclude Include="onodrim-c\data\renderState.h">
      <Filter>Header Files</Filter>
    </ClInclude>
    <ClInclude Include="onodrim-c\Entity.h">
      <Filter>Header Files</Filter>
    </ClInclude>
    <ClInclude Include="onodrim-c\math\matrix3.h">
      <Filter>Header Files</Filter>
    </ClInclude>
    <ClInclude Include="onodrim-c\math\random.h">
      <Filter>Header Files</Filter>
    </ClInclude>
    <ClInclude Include="onodrim-c\math\vector2.h">
      <Filter>Header Files</Filter>
    </ClInclude>
    <ClInclude Include="onodrim-c\system\baseSystem.h">
      <Filter>Header Files</Filter>
    </ClInclude>
    <ClInclude Include="onodrim-c\system\fixedUpdateSystem.h">
      <Filter>Header Files</Filter>
    </ClInclude>
    <ClInclude Include="onodrim-c\system\systemManager.h">
      <Filter>Header Files</Filter>
    </ClInclude>
    <ClInclude Include="onodrim-c\system\tickSystem.h">
      <Filter>Header Files</Filter>
    </ClInclude>
    <ClInclude Include="onodrim-c\system\updateSystem.h">
      <Filter>Header Files</Filter>
    </ClInclude>
    <ClInclude Include="onodrim-c\system\update\fixedUpdateSystem.h">
      <Filter>Header Files</Filter>
    </ClInclude>
    <ClInclude Include="onodrim-c\system\update\updateSystem.h">
      <Filter>Header Files</Filter>
    </ClInclude>
    <ClInclude Include="onodrim-c\utils\logger.h">
      <Filter>Header Files</Filter>
    </ClInclude>
    <ClInclude Include="onodrim-c\utils\time.h">
      <Filter>Header Files</Filter>
    </ClInclude>
    <ClInclude Include="onodrim-c\JSON.h">
      <Filter>Header Files</Filter>
    </ClInclude>
    <ClInclude Include="onodrim-c\math\rect.h">
      <Filter>Header Files</Filter>
    </ClInclude>
    <ClInclude Include="onodrim-c\data\color.h">
      <Filter>Header Files</Filter>
    </ClInclude>
    <ClInclude Include="onodrim-c\math\vector.h">
      <Filter>Header Files</Filter>
    </ClInclude>
    <ClInclude Include="onodrim-c\primitives\quad.h">
      <Filter>Header Files</Filter>
    </ClInclude>
    <ClInclude Include="onodrim-c\primitives\base-shape.h">
      <Filter>Header Files</Filter>
    </ClInclude>
    <ClInclude Include="onodrim-c\system\render\spritebatch.h">
      <Filter>Header Files</Filter>
    </ClInclude>
    <ClInclude Include="onodrim-c\shaders\sprite.h">
      <Filter>Header Files</Filter>
    </ClInclude>
    <ClInclude Include="onodrim-c\data\texture.h">
      <Filter>Header Files</Filter>
    </ClInclude>
    <ClInclude Include="onodrim-c\shaders\program.h">
      <Filter>Header Files</Filter>
    </ClInclude>
    <ClInclude Include="onodrim-c\shaders\shader.h">
      <Filter>Header Files</Filter>
    </ClInclude>
    <ClInclude Include="onodrim-c\system\render\render-system.h">
      <Filter>Header Files</Filter>
    </ClInclude>
  </ItemGroup>
</Project>